
Microsoft Visual Studio Solution File, Format Version 12.00
# Visual Studio Version 17
VisualStudioVersion = 17.3.32929.385
MinimumVisualStudioVersion = 10.0.40219.1
Project("{FAE04EC0-301F-11D3-BF4B-00C04F79EFBC}") = "SurveyModuleAPI", "SurveyModuleAPI\SurveyModuleAPI.csproj", "{4E14BBC5-3404-4718-BDF1-2DBCB80B5B28}"
EndProject
Global
	GlobalSection(SolutionConfigurationPlatforms) = preSolution
		Debug|Any CPU = Debug|Any CPU
		Release|Any CPU = Release|Any CPU
	EndGlobalSection
	GlobalSection(ProjectConfigurationPlatforms) = postSolution
		{4E14BBC5-3404-4718-BDF1-2DBCB80B5B28}.Debug|Any CPU.ActiveCfg = Debug|Any CPU
		{4E14BBC5-3404-4718-BDF1-2DBCB80B5B28}.Debug|Any CPU.Build.0 = Debug|Any CPU
		{4E14BBC5-3404-4718-BDF1-2DBCB80B5B28}.Release|Any CPU.ActiveCfg = Release|Any CPU
		{4E14BBC5-3404-4718-BDF1-2DBCB80B5B28}.Release|Any CPU.Build.0 = Release|Any CPU
	EndGlobalSection
	GlobalSection(SolutionProperties) = preSolution
		HideSolutionNode = FALSE
	EndGlobalSection
	GlobalSection(ExtensibilityGlobals) = postSolution
		SolutionGuid = {186225A6-638F-4A08-8EBF-F33C2885854B}
	EndGlobalSection
EndGlobal
